
Microsoft Visual Studio Solution File, Format Version 12.00
# Visual Studio Version 17
VisualStudioVersion = 17.6.33815.320
MinimumVisualStudioVersion = 10.0.40219.1
Project("{FAE04EC0-301F-11D3-BF4B-00C04F79EFBC}") = "My Notes", "My Notes\My Notes.csproj", "{02A3493D-A417-4C3C-A22C-F33B31C96FC8}"
EndProject
Global
	GlobalSection(SolutionConfigurationPlatforms) = preSolution
		Debug|Any CPU = Debug|Any CPU
		Release|Any CPU = Release|Any CPU
	EndGlobalSection
	GlobalSection(ProjectConfigurationPlatforms) = postSolution
		{02A3493D-A417-4C3C-A22C-F33B31C96FC8}.Debug|Any CPU.ActiveCfg = Debug|Any CPU
		{02A3493D-A417-4C3C-A22C-F33B31C96FC8}.Debug|Any CPU.Build.0 = Debug|Any CPU
		{02A3493D-A417-4C3C-A22C-F33B31C96FC8}.Release|Any CPU.ActiveCfg = Release|Any CPU
		{02A3493D-A417-4C3C-A22C-F33B31C96FC8}.Release|Any CPU.Build.0 = Release|Any CPU
	EndGlobalSection
	GlobalSection(SolutionProperties) = preSolution
		HideSolutionNode = FALSE
	EndGlobalSection
	GlobalSection(ExtensibilityGlobals) = postSolution
		SolutionGuid = {00DB111A-8186-4D87-8646-D467C7F725BE}
	EndGlobalSection
EndGlobal
